
Microsoft Visual Studio Solution File, Format Version 12.00
# Visual Studio Version 16
VisualStudioVersion = 16.0.32413.511
MinimumVisualStudioVersion = 10.0.40219.1
Project("{FAE04EC0-301F-11D3-BF4B-00C04F79EFBC}") = "ExercícioFixação", "ExercícioFixação\ExercícioFixação.csproj", "{334E7EF0-B2D1-4A0E-8996-46A6B4175334}"
EndProject
Global
	GlobalSection(SolutionConfigurationPlatforms) = preSolution
		Debug|Any CPU = Debug|Any CPU
		Release|Any CPU = Release|Any CPU
	EndGlobalSection
	GlobalSection(ProjectConfigurationPlatforms) = postSolution
		{334E7EF0-B2D1-4A0E-8996-46A6B4175334}.Debug|Any CPU.ActiveCfg = Debug|Any CPU
		{334E7EF0-B2D1-4A0E-8996-46A6B4175334}.Debug|Any CPU.Build.0 = Debug|Any CPU
		{334E7EF0-B2D1-4A0E-8996-46A6B4175334}.Release|Any CPU.ActiveCfg = Release|Any CPU
		{334E7EF0-B2D1-4A0E-8996-46A6B4175334}.Release|Any CPU.Build.0 = Release|Any CPU
	EndGlobalSection
	GlobalSection(SolutionProperties) = preSolution
		HideSolutionNode = FALSE
	EndGlobalSection
	GlobalSection(ExtensibilityGlobals) = postSolution
		SolutionGuid = {75EEF8D3-A8FF-4748-AF9B-C56A6D6BCBB3}
	EndGlobalSection
EndGlobal
